// !$*UTF8*$!
{
	archiveVersion = 1;
	classes = {
	};
	objectVersion = 46;
	objects = {

/* Begin PBXAggregateTarget section */
		8CDBA68F1A9F256A00366A49 /* Framework */ = {
			isa = PBXAggregateTarget;
			buildConfigurationList = 8CDBA6901A9F256B00366A49 /* Build configuration list for PBXAggregateTarget "Framework" */;
			buildPhases = (
				8CDBA6951A9F268800366A49 /* ShellScript */,
			);
			dependencies = (
				8CDBA6941A9F258900366A49 /* PBXTargetDependency */,
			);
			name = Framework;
			productName = Framework;
		};
/* End PBXAggregateTarget section */

/* Begin PBXBuildFile section */
		874678181B4C0B660011AA74 /* CRSdk.h in Headers */ = {isa = PBXBuildFile; fileRef = 874678161B4C0B660011AA74 /* CRSdk.h */; settings = {ATTRIBUTES = (Public, ); }; };
		874678191B4C0B660011AA74 /* CRSdk.m in Sources */ = {isa = PBXBuildFile; fileRef = 874678171B4C0B660011AA74 /* CRSdk.m */; };
		875599A31B4EA86C008D5B07 /* SynthesizeSingleton.h in Headers */ = {isa = PBXBuildFile; fileRef = 875599971B4EA86C008D5B07 /* SynthesizeSingleton.h */; };
		8C2808AD1A9E186500C997AA /* Critizr.h in CopyFiles */ = {isa = PBXBuildFile; fileRef = 8C2808AC1A9E186500C997AA /* Critizr.h */; };
		8C83EC9E1AA4C9C100582645 /* Critizr.h in Headers */ = {isa = PBXBuildFile; fileRef = 8C2808AC1A9E186500C997AA /* Critizr.h */; settings = {ATTRIBUTES = (Public, ); }; };
		8CA246B11A9E241B001CCD54 /* CRFeedbackDialog.h in Headers */ = {isa = PBXBuildFile; fileRef = 8CA246AF1A9E241B001CCD54 /* CRFeedbackDialog.h */; settings = {ATTRIBUTES = (Public, ); }; };
		8CA246B21A9E241B001CCD54 /* CRFeedbackDialog.m in Sources */ = {isa = PBXBuildFile; fileRef = 8CA246B01A9E241B001CCD54 /* CRFeedbackDialog.m */; };
		8CDBA7041A9F411A00366A49 /* CRFeedbackDialogViewController.h in Headers */ = {isa = PBXBuildFile; fileRef = 8CDBA7021A9F411A00366A49 /* CRFeedbackDialogViewController.h */; };
		8CDBA7051A9F411A00366A49 /* CRFeedbackDialogViewController.m in Sources */ = {isa = PBXBuildFile; fileRef = 8CDBA7031A9F411A00366A49 /* CRFeedbackDialogViewController.m */; };
/* End PBXBuildFile section */

/* Begin PBXContainerItemProxy section */
		8CDBA6931A9F258900366A49 /* PBXContainerItemProxy */ = {
			isa = PBXContainerItemProxy;
			containerPortal = 8C2808A11A9E186500C997AA /* Project object */;
			proxyType = 1;
			remoteGlobalIDString = 8C2808A81A9E186500C997AA;
			remoteInfo = Critizr;
		};
/* End PBXContainerItemProxy section */

/* Begin PBXCopyFilesBuildPhase section */
		8C2808A71A9E186500C997AA /* CopyFiles */ = {
			isa = PBXCopyFilesBuildPhase;
			buildActionMask = 2147483647;
			dstPath = "include/$(PRODUCT_NAME)";
			dstSubfolderSpec = 16;
			files = (
				8C2808AD1A9E186500C997AA /* Critizr.h in CopyFiles */,
			);
			runOnlyForDeploymentPostprocessing = 0;
		};
/* End PBXCopyFilesBuildPhase section */

/* Begin PBXFileReference section */
		874678161B4C0B660011AA74 /* CRSdk.h */ = {isa = PBXFileReference; fileEncoding = 4; lastKnownFileType = sourcecode.c.h; path = CRSdk.h; sourceTree = "<group>"; };
		874678171B4C0B660011AA74 /* CRSdk.m */ = {isa = PBXFileReference; fileEncoding = 4; lastKnownFileType = sourcecode.c.objc; path = CRSdk.m; sourceTree = "<group>"; };
		875599971B4EA86C008D5B07 /* SynthesizeSingleton.h */ = {isa = PBXFileReference; fileEncoding = 4; lastKnownFileType = sourcecode.c.h; path = SynthesizeSingleton.h; sourceTree = "<group>"; };
		8C2808A91A9E186500C997AA /* libCritizr.a */ = {isa = PBXFileReference; explicitFileType = archive.ar; includeInIndex = 0; path = libCritizr.a; sourceTree = BUILT_PRODUCTS_DIR; };
		8C2808AC1A9E186500C997AA /* Critizr.h */ = {isa = PBXFileReference; lastKnownFileType = sourcecode.c.h; path = Critizr.h; sourceTree = "<group>"; };
		8C2808B41A9E186500C997AA /* CritizrTests.xctest */ = {isa = PBXFileReference; explicitFileType = wrapper.cfbundle; includeInIndex = 0; path = CritizrTests.xctest; sourceTree = BUILT_PRODUCTS_DIR; };
		8C2808B71A9E186500C997AA /* Info.plist */ = {isa = PBXFileReference; lastKnownFileType = text.plist.xml; path = Info.plist; sourceTree = "<group>"; };
		8CA246AF1A9E241B001CCD54 /* CRFeedbackDialog.h */ = {isa = PBXFileReference; fileEncoding = 4; lastKnownFileType = sourcecode.c.h; path = CRFeedbackDialog.h; sourceTree = "<group>"; };
		8CA246B01A9E241B001CCD54 /* CRFeedbackDialog.m */ = {isa = PBXFileReference; fileEncoding = 4; lastKnownFileType = sourcecode.c.objc; path = CRFeedbackDialog.m; sourceTree = "<group>"; };
		8CDBA7021A9F411A00366A49 /* CRFeedbackDialogViewController.h */ = {isa = PBXFileReference; fileEncoding = 4; lastKnownFileType = sourcecode.c.h; path = CRFeedbackDialogViewController.h; sourceTree = "<group>"; };
		8CDBA7031A9F411A00366A49 /* CRFeedbackDialogViewController.m */ = {isa = PBXFileReference; fileEncoding = 4; lastKnownFileType = sourcecode.c.objc; path = CRFeedbackDialogViewController.m; sourceTree = "<group>"; };
/* End PBXFileReference section */

/* Begin PBXFrameworksBuildPhase section */
		8C2808A61A9E186500C997AA /* Frameworks */ = {
			isa = PBXFrameworksBuildPhase;
			buildActionMask = 2147483647;
			files = (
			);
			runOnlyForDeploymentPostprocessing = 0;
		};
		8C2808B11A9E186500C997AA /* Frameworks */ = {
			isa = PBXFrameworksBuildPhase;
			buildActionMask = 2147483647;
			files = (
			);
			runOnlyForDeploymentPostprocessing = 0;
		};
/* End PBXFrameworksBuildPhase section */

/* Begin PBXGroup section */
		8755998A1B4EA86C008D5B07 /* ThirdParty */ = {
			isa = PBXGroup;
			children = (
				875599971B4EA86C008D5B07 /* SynthesizeSingleton.h */,
			);
			path = ThirdParty;
			sourceTree = "<group>";
		};
		8C2808A01A9E186500C997AA = {
			isa = PBXGroup;
			children = (
				8C2808AB1A9E186500C997AA /* Critizr */,
				8C2808B51A9E186500C997AA /* CritizrTests */,
				8C2808AA1A9E186500C997AA /* Products */,
			);
			sourceTree = "<group>";
		};
		8C2808AA1A9E186500C997AA /* Products */ = {
			isa = PBXGroup;
			children = (
				8C2808A91A9E186500C997AA /* libCritizr.a */,
				8C2808B41A9E186500C997AA /* CritizrTests.xctest */,
			);
			name = Products;
			sourceTree = "<group>";
		};
		8C2808AB1A9E186500C997AA /* Critizr */ = {
			isa = PBXGroup;
			children = (
				8755998A1B4EA86C008D5B07 /* ThirdParty */,
				8C2808AC1A9E186500C997AA /* Critizr.h */,
				8CA246AF1A9E241B001CCD54 /* CRFeedbackDialog.h */,
				8CA246B01A9E241B001CCD54 /* CRFeedbackDialog.m */,
				8CDBA7021A9F411A00366A49 /* CRFeedbackDialogViewController.h */,
				8CDBA7031A9F411A00366A49 /* CRFeedbackDialogViewController.m */,
				874678161B4C0B660011AA74 /* CRSdk.h */,
				874678171B4C0B660011AA74 /* CRSdk.m */,
			);
			path = Critizr;
			sourceTree = "<group>";
		};
		8C2808B51A9E186500C997AA /* CritizrTests */ = {
			isa = PBXGroup;
			children = (
				8C2808B61A9E186500C997AA /* Supporting Files */,
			);
			path = CritizrTests;
			sourceTree = "<group>";
		};
		8C2808B61A9E186500C997AA /* Supporting Files */ = {
			isa = PBXGroup;
			children = (
				8C2808B71A9E186500C997AA /* Info.plist */,
			);
			name = "Supporting Files";
			sourceTree = "<group>";
		};
/* End PBXGroup section */

/* Begin PBXHeadersBuildPhase section */
		8C2808C01A9E1C6900C997AA /* Headers */ = {
			isa = PBXHeadersBuildPhase;
			buildActionMask = 2147483647;
			files = (
				875599A31B4EA86C008D5B07 /* SynthesizeSingleton.h in Headers */,
				8CA246B11A9E241B001CCD54 /* CRFeedbackDialog.h in Headers */,
				874678181B4C0B660011AA74 /* CRSdk.h in Headers */,
				8C83EC9E1AA4C9C100582645 /* Critizr.h in Headers */,
				8CDBA7041A9F411A00366A49 /* CRFeedbackDialogViewController.h in Headers */,
			);
			runOnlyForDeploymentPostprocessing = 0;
		};
/* End PBXHeadersBuildPhase section */

/* Begin PBXNativeTarget section */
		8C2808A81A9E186500C997AA /* Critizr */ = {
			isa = PBXNativeTarget;
			buildConfigurationList = 8C2808BA1A9E186500C997AA /* Build configuration list for PBXNativeTarget "Critizr" */;
			buildPhases = (
				8C2808A51A9E186500C997AA /* Sources */,
				8C2808A61A9E186500C997AA /* Frameworks */,
				8C2808A71A9E186500C997AA /* CopyFiles */,
				8C2808C01A9E1C6900C997AA /* Headers */,
				8CDBA68E1A9F22AE00366A49 /* Prepare Framework */,
			);
			buildRules = (
			);
			dependencies = (
			);
			name = Critizr;
			productName = Critizr;
			productReference = 8C2808A91A9E186500C997AA /* libCritizr.a */;
			productType = "com.apple.product-type.library.static";
		};
		8C2808B31A9E186500C997AA /* CritizrTests */ = {
			isa = PBXNativeTarget;
			buildConfigurationList = 8C2808BD1A9E186500C997AA /* Build configuration list for PBXNativeTarget "CritizrTests" */;
			buildPhases = (
				8C2808B01A9E186500C997AA /* Sources */,
				8C2808B11A9E186500C997AA /* Frameworks */,
				8C2808B21A9E186500C997AA /* Resources */,
			);
			buildRules = (
			);
			dependencies = (
			);
			name = CritizrTests;
			productName = CritizrTests;
			productReference = 8C2808B41A9E186500C997AA /* CritizrTests.xctest */;
			productType = "com.apple.product-type.bundle.unit-test";
		};
/* End PBXNativeTarget section */

/* Begin PBXProject section */
		8C2808A11A9E186500C997AA /* Project object */ = {
			isa = PBXProject;
			attributes = {
				LastUpgradeCheck = 0720;
				ORGANIZATIONNAME = Critizr;
				TargetAttributes = {
					8C2808A81A9E186500C997AA = {
						CreatedOnToolsVersion = 6.0;
					};
					8C2808B31A9E186500C997AA = {
						CreatedOnToolsVersion = 6.0;
					};
					8CDBA68F1A9F256A00366A49 = {
						CreatedOnToolsVersion = 6.1.1;
					};
				};
			};
			buildConfigurationList = 8C2808A41A9E186500C997AA /* Build configuration list for PBXProject "Critizr" */;
			compatibilityVersion = "Xcode 3.2";
			developmentRegion = English;
			hasScannedForEncodings = 0;
			knownRegions = (
				en,
			);
			mainGroup = 8C2808A01A9E186500C997AA;
			productRefGroup = 8C2808AA1A9E186500C997AA /* Products */;
			projectDirPath = "";
			projectRoot = "";
			targets = (
				8C2808A81A9E186500C997AA /* Critizr */,
				8C2808B31A9E186500C997AA /* CritizrTests */,
				8CDBA68F1A9F256A00366A49 /* Framework */,
			);
		};
/* End PBXProject section */

/* Begin PBXResourcesBuildPhase section */
		8C2808B21A9E186500C997AA /* Resources */ = {
			isa = PBXResourcesBuildPhase;
			buildActionMask = 2147483647;
			files = (
			);
			runOnlyForDeploymentPostprocessing = 0;
		};
/* End PBXResourcesBuildPhase section */

/* Begin PBXShellScriptBuildPhase section */
		8CDBA68E1A9F22AE00366A49 /* Prepare Framework */ = {
			isa = PBXShellScriptBuildPhase;
			buildActionMask = 2147483647;
			files = (
			);
			inputPaths = (
			);
			name = "Prepare Framework";
			outputPaths = (
			);
			runOnlyForDeploymentPostprocessing = 0;
			shellPath = /bin/sh;
			shellScript = "set -e\n\nmkdir -p \"${BUILT_PRODUCTS_DIR}/${PRODUCT_NAME}.framework/Versions/A/Headers\"\n\n# Link the \"Current\" version to \"A\"\n/bin/ln -sfh A \"${BUILT_PRODUCTS_DIR}/${PRODUCT_NAME}.framework/Versions/Current\"\n/bin/ln -sfh Versions/Current/Headers \"${BUILT_PRODUCTS_DIR}/${PRODUCT_NAME}.framework/Headers\"\n/bin/ln -sfh \"Versions/Current/${PRODUCT_NAME}\" \"${BUILT_PRODUCTS_DIR}/${PRODUCT_NAME}.framework/${PRODUCT_NAME}\"\n\n# The -a ensures that the headers maintain the source modification date so that we don't constantly\n# cause propagating rebuilds of files that import these headers.\n/bin/cp -a \"${TARGET_BUILD_DIR}/${PUBLIC_HEADERS_FOLDER_PATH}/\" \"${BUILT_PRODUCTS_DIR}/${PRODUCT_NAME}.framework/Versions/A/Headers\"\n";
			showEnvVarsInLog = 0;
		};
		8CDBA6951A9F268800366A49 /* ShellScript */ = {
			isa = PBXShellScriptBuildPhase;
			buildActionMask = 2147483647;
			files = (
			);
			inputPaths = (
			);
			outputPaths = (
			);
			runOnlyForDeploymentPostprocessing = 0;
			shellPath = /bin/sh;
			shellScript = "set -e\nset +u\n# Avoid recursively calling this script.\nif [[ $SF_MASTER_SCRIPT_RUNNING ]]\nthen\nexit 0\nfi\nset -u\nexport SF_MASTER_SCRIPT_RUNNING=1\n\nSF_TARGET_NAME=${PROJECT_NAME}\nSF_EXECUTABLE_PATH=\"lib${SF_TARGET_NAME}.a\"\nSF_WRAPPER_NAME=\"${SF_TARGET_NAME}.framework\"\n\n# The following conditionals come from\n# https://github.com/kstenerud/iOS-Universal-Framework\n\nif [[ \"$SDK_NAME\" =~ ([A-Za-z]+) ]]\nthen\nSF_SDK_PLATFORM=${BASH_REMATCH[1]}\nelse\necho \"Could not find platform name from SDK_NAME: $SDK_NAME\"\nexit 1\nfi\n\nif [[ \"$SDK_NAME\" =~ ([0-9]+.*$) ]]\nthen\nSF_SDK_VERSION=${BASH_REMATCH[1]}\nelse\necho \"Could not find sdk version from SDK_NAME: $SDK_NAME\"\nexit 1\nfi\n\nif [[ \"$SF_SDK_PLATFORM\" = \"iphoneos\" ]]\nthen\nSF_OTHER_PLATFORM=iphonesimulator\nelse\nSF_OTHER_PLATFORM=iphoneos\nfi\n\nif [[ \"$BUILT_PRODUCTS_DIR\" =~ (.*)$SF_SDK_PLATFORM$ ]]\nthen\nSF_OTHER_BUILT_PRODUCTS_DIR=\"${BASH_REMATCH[1]}${SF_OTHER_PLATFORM}\"\nelse\necho \"Could not find platform name from build products directory: $BUILT_PRODUCTS_DIR\"\nexit 1\nfi\n\n# Build the other platform.\nxcrun xcodebuild -project \"${PROJECT_FILE_PATH}\" -target \"${TARGET_NAME}\" -configuration \"${CONFIGURATION}\" -sdk ${SF_OTHER_PLATFORM}${SF_SDK_VERSION} BUILD_DIR=\"${BUILD_DIR}\" OBJROOT=\"${OBJROOT}\" BUILD_ROOT=\"${BUILD_ROOT}\" SYMROOT=\"${SYMROOT}\" $ACTION\n\n# Smash the two static libraries into one fat binary and store it in the .framework\nxcrun lipo -create \"${BUILT_PRODUCTS_DIR}/${SF_EXECUTABLE_PATH}\" \"${SF_OTHER_BUILT_PRODUCTS_DIR}/${SF_EXECUTABLE_PATH}\" -output \"${BUILT_PRODUCTS_DIR}/${SF_WRAPPER_NAME}/Versions/A/${SF_TARGET_NAME}\"\n\n# Copy the binary to the other architecture folder to have a complete framework in both.\ncp -a \"${BUILT_PRODUCTS_DIR}/${SF_WRAPPER_NAME}/Versions/A/${SF_TARGET_NAME}\" \"${SF_OTHER_BUILT_PRODUCTS_DIR}/${SF_WRAPPER_NAME}/Versions/A/${SF_TARGET_NAME}\"";
		};
/* End PBXShellScriptBuildPhase section */

/* Begin PBXSourcesBuildPhase section */
		8C2808A51A9E186500C997AA /* Sources */ = {
			isa = PBXSourcesBuildPhase;
			buildActionMask = 2147483647;
			files = (
				874678191B4C0B660011AA74 /* CRSdk.m in Sources */,
				8CDBA7051A9F411A00366A49 /* CRFeedbackDialogViewController.m in Sources */,
				8CA246B21A9E241B001CCD54 /* CRFeedbackDialog.m in Sources */,
			);
			runOnlyForDeploymentPostprocessing = 0;
		};
		8C2808B01A9E186500C997AA /* Sources */ = {
			isa = PBXSourcesBuildPhase;
			buildActionMask = 2147483647;
			files = (
			);
			runOnlyForDeploymentPostprocessing = 0;
		};
/* End PBXSourcesBuildPhase section */

/* Begin PBXTargetDependency section */
		8CDBA6941A9F258900366A49 /* PBXTargetDependency */ = {
			isa = PBXTargetDependency;
			target = 8C2808A81A9E186500C997AA /* Critizr */;
			targetProxy = 8CDBA6931A9F258900366A49 /* PBXContainerItemProxy */;
		};
/* End PBXTargetDependency section */

/* Begin XCBuildConfiguration section */
		8C2808B81A9E186500C997AA /* Debug */ = {
			isa = XCBuildConfiguration;
			buildSettings = {
				ALWAYS_SEARCH_USER_PATHS = NO;
				CLANG_CXX_LANGUAGE_STANDARD = "gnu++0x";
				CLANG_CXX_LIBRARY = "libc++";
				CLANG_ENABLE_MODULES = YES;
				CLANG_ENABLE_OBJC_ARC = YES;
				CLANG_WARN_BOOL_CONVERSION = YES;
				CLANG_WARN_CONSTANT_CONVERSION = YES;
				CLANG_WARN_DIRECT_OBJC_ISA_USAGE = YES_ERROR;
				CLANG_WARN_EMPTY_BODY = YES;
				CLANG_WARN_ENUM_CONVERSION = YES;
				CLANG_WARN_INT_CONVERSION = YES;
				CLANG_WARN_OBJC_ROOT_CLASS = YES_ERROR;
				CLANG_WARN_UNREACHABLE_CODE = YES;
				CLANG_WARN__DUPLICATE_METHOD_MATCH = YES;
				COPY_PHASE_STRIP = NO;
				ENABLE_STRICT_OBJC_MSGSEND = YES;
				ENABLE_TESTABILITY = YES;
				GCC_C_LANGUAGE_STANDARD = gnu99;
				GCC_DYNAMIC_NO_PIC = NO;
				GCC_OPTIMIZATION_LEVEL = 0;
				GCC_PREPROCESSOR_DEFINITIONS = (
					"DEBUG=1",
					"$(inherited)",
				);
				GCC_SYMBOLS_PRIVATE_EXTERN = NO;
				GCC_WARN_64_TO_32_BIT_CONVERSION = YES;
				GCC_WARN_ABOUT_RETURN_TYPE = YES_ERROR;
				GCC_WARN_UNDECLARED_SELECTOR = YES;
				GCC_WARN_UNINITIALIZED_AUTOS = YES_AGGRESSIVE;
				GCC_WARN_UNUSED_FUNCTION = YES;
				GCC_WARN_UNUSED_VARIABLE = YES;
				IPHONEOS_DEPLOYMENT_TARGET = 8.0;
				MTL_ENABLE_DEBUG_INFO = YES;
				ONLY_ACTIVE_ARCH = YES;
				SDKROOT = iphoneos;
				SKIP_INSTALL = YES;
			};
			name = Debug;
		};
		8C2808B91A9E186500C997AA /* Release */ = {
			isa = XCBuildConfiguration;
			buildSettings = {
				ALWAYS_SEARCH_USER_PATHS = NO;
				CLANG_CXX_LANGUAGE_STANDARD = "gnu++0x";
				CLANG_CXX_LIBRARY = "libc++";
				CLANG_ENABLE_MODULES = YES;
				CLANG_ENABLE_OBJC_ARC = YES;
				CLANG_WARN_BOOL_CONVERSION = YES;
				CLANG_WARN_CONSTANT_CONVERSION = YES;
				CLANG_WARN_DIRECT_OBJC_ISA_USAGE = YES_ERROR;
				CLANG_WARN_EMPTY_BODY = YES;
				CLANG_WARN_ENUM_CONVERSION = YES;
				CLANG_WARN_INT_CONVERSION = YES;
				CLANG_WARN_OBJC_ROOT_CLASS = YES_ERROR;
				CLANG_WARN_UNREACHABLE_CODE = YES;
				CLANG_WARN__DUPLICATE_METHOD_MATCH = YES;
				COPY_PHASE_STRIP = YES;
				ENABLE_NS_ASSERTIONS = NO;
				ENABLE_STRICT_OBJC_MSGSEND = YES;
				GCC_C_LANGUAGE_STANDARD = gnu99;
				GCC_WARN_64_TO_32_BIT_CONVERSION = YES;
				GCC_WARN_ABOUT_RETURN_TYPE = YES_ERROR;
				GCC_WARN_UNDECLARED_SELECTOR = YES;
				GCC_WARN_UNINITIALIZED_AUTOS = YES_AGGRESSIVE;
				GCC_WARN_UNUSED_FUNCTION = YES;
				GCC_WARN_UNUSED_VARIABLE = YES;
				IPHONEOS_DEPLOYMENT_TARGET = 8.0;
				MTL_ENABLE_DEBUG_INFO = NO;
				ONLY_ACTIVE_ARCH = NO;
				SDKROOT = iphoneos;
				SKIP_INSTALL = YES;
				VALIDATE_PRODUCT = YES;
			};
			name = Release;
		};
		8C2808BB1A9E186500C997AA /* Debug */ = {
			isa = XCBuildConfiguration;
			buildSettings = {
				COPY_PHASE_STRIP = NO;
				DEAD_CODE_STRIPPING = NO;
				LIBRARY_SEARCH_PATHS = (
					"$(inherited)",
					"$(PROJECT_DIR)/Critizr/ThirdParty/SBJson",
				);
				ONLY_ACTIVE_ARCH = NO;
				OTHER_LDFLAGS = "-ObjC";
				PRODUCT_NAME = "$(TARGET_NAME)";
				PUBLIC_HEADERS_FOLDER_PATH = CritizrHeaders;
				SKIP_INSTALL = YES;
				STRIP_STYLE = "non-global";
			};
			name = Debug;
		};
		8C2808BC1A9E186500C997AA /* Release */ = {
			isa = XCBuildConfiguration;
			buildSettings = {
				COPY_PHASE_STRIP = NO;
				DEAD_CODE_STRIPPING = NO;
				LIBRARY_SEARCH_PATHS = (
					"$(inherited)",
					"$(PROJECT_DIR)/Critizr/ThirdParty/SBJson",
				);
				ONLY_ACTIVE_ARCH = NO;
				OTHER_LDFLAGS = "-ObjC";
				PRODUCT_NAME = "$(TARGET_NAME)";
				PUBLIC_HEADERS_FOLDER_PATH = CritizrHeaders;
				SKIP_INSTALL = YES;
				STRIP_STYLE = "non-global";
			};
			name = Release;
		};
		8C2808BE1A9E186500C997AA /* Debug */ = {
			isa = XCBuildConfiguration;
			buildSettings = {
				FRAMEWORK_SEARCH_PATHS = (
					"$(SDKROOT)/Developer/Library/Frameworks",
					"$(inherited)",
				);
				GCC_PREPROCESSOR_DEFINITIONS = (
					"DEBUG=1",
					"$(inherited)",
				);
				INFOPLIST_FILE = CritizrTests/Info.plist;
				LD_RUNPATH_SEARCH_PATHS = "$(inherited) @executable_path/Frameworks @loader_path/Frameworks";
				PRODUCT_BUNDLE_IDENTIFIER = "Critizr.$(PRODUCT_NAME:rfc1034identifier)";
				PRODUCT_NAME = "$(TARGET_NAME)";
			};
			name = Debug;
		};
		8C2808BF1A9E186500C997AA /* Release */ = {
			isa = XCBuildConfiguration;
			buildSettings = {
				FRAMEWORK_SEARCH_PATHS = (
					"$(SDKROOT)/Developer/Library/Frameworks",
					"$(inherited)",
				);
				INFOPLIST_FILE = CritizrTests/Info.plist;
				LD_RUNPATH_SEARCH_PATHS = "$(inherited) @executable_path/Frameworks @loader_path/Frameworks";
				PRODUCT_BUNDLE_IDENTIFIER = "Critizr.$(PRODUCT_NAME:rfc1034identifier)";
				PRODUCT_NAME = "$(TARGET_NAME)";
			};
			name = Release;
		};
		8CDBA6911A9F256B00366A49 /* Debug */ = {
			isa = XCBuildConfiguration;
			buildSettings = {
				PRODUCT_NAME = "$(TARGET_NAME)";
			};
			name = Debug;
		};
		8CDBA6921A9F256B00366A49 /* Release */ = {
			isa = XCBuildConfiguration;
			buildSettings = {
				PRODUCT_NAME = "$(TARGET_NAME)";
			};
			name = Release;
		};
/* End XCBuildConfiguration section */

/* Begin XCConfigurationList section */
		8C2808A41A9E186500C997AA /* Build configuration list for PBXProject "Critizr" */ = {
			isa = XCConfigurationList;
			buildConfigurations = (
				8C2808B81A9E186500C997AA /* Debug */,
				8C2808B91A9E186500C997AA /* Release */,
			);
			defaultConfigurationIsVisible = 0;
			defaultConfigurationName = Release;
		};
		8C2808BA1A9E186500C997AA /* Build configuration list for PBXNativeTarget "Critizr" */ = {
			isa = XCConfigurationList;
			buildConfigurations = (
				8C2808BB1A9E186500C997AA /* Debug */,
				8C2808BC1A9E186500C997AA /* Release */,
			);
			defaultConfigurationIsVisible = 0;
			defaultConfigurationName = Release;
		};
		8C2808BD1A9E186500C997AA /* Build configuration list for PBXNativeTarget "CritizrTests" */ = {
			isa = XCConfigurationList;
			buildConfigurations = (
				8C2808BE1A9E186500C997AA /* Debug */,
				8C2808BF1A9E186500C997AA /* Release */,
			);
			defaultConfigurationIsVisible = 0;
			defaultConfigurationName = Release;
		};
		8CDBA6901A9F256B00366A49 /* Build configuration list for PBXAggregateTarget "Framework" */ = {
			isa = XCConfigurationList;
			buildConfigurations = (
				8CDBA6911A9F256B00366A49 /* Debug */,
				8CDBA6921A9F256B00366A49 /* Release */,
			);
			defaultConfigurationIsVisible = 0;
			defaultConfigurationName = Release;
		};
/* End XCConfigurationList section */
	};
	rootObject = 8C2808A11A9E186500C997AA /* Project object */;
}
